{
    "name": "base lambda typescript",
    "requires": true,
    "lockfileVersion": 1,
    "dependencies": {
        "@types/aws-lambda": {
            "version": "8.10.39",
            "resolved": "https://registry.npmjs.org/@types/aws-lambda/-/aws-lambda-8.10.39.tgz",
            "integrity": "sha512-6qxQ4wS636AapVvDbzltI/Xn69QWxjcvohvxd/+MTWzdE9Vqz1xgERr38jEbBGEkyyG8y819nAhjGsiY6KNh1A=="
        },
        "@types/node": {
            "version": "13.1.4",
            "resolved": "https://registry.npmjs.org/@types/node/-/node-13.1.4.tgz",
            "integrity": "sha512-Lue/mlp2egZJoHXZr4LndxDAd7i/7SQYhV0EjWfb/a4/OZ6tuVwMCVPiwkU5nsEipxEf7hmkSU7Em5VQ8P5NGA=="
        },
        "typescript": {
            "version": "3.7.4",
            "resolved": "https://registry.npmjs.org/typescript/-/typescript-3.7.4.tgz",
            "integrity": "sha512-A25xv5XCtarLwXpcDNZzCGvW2D1S3/bACratYBx2sax8PefsFhlYmkQicKHvpYflFS8if4zne5zT5kpJ7pzuvw=="
        }
    }
}
